
Microsoft Visual Studio Solution File, Format Version 12.00
# Visual Studio Version 17
VisualStudioVersion = 17.0.32112.339
MinimumVisualStudioVersion = 10.0.40219.1
Project("{9A19103F-16F7-4668-BE54-9A1E7A4F7556}") = "Core", "Core\Core.csproj", "{0C4B7221-CBEC-4CCC-8DC5-60DB243520F1}"
EndProject
Project("{FAE04EC0-301F-11D3-BF4B-00C04F79EFBC}") = "GeneradorPDFs", "GeneradorPDFs\GeneradorPDFs.csproj", "{23589DEC-FB18-4157-9855-1C1645E82F1F}"
EndProject
Project("{FAE04EC0-301F-11D3-BF4B-00C04F79EFBC}") = "WinFormsApp1", "WinFormsApp1\WinFormsApp1.csproj", "{B4C2756C-E90C-47E1-8D2F-0E568741A540}"
EndProject
Project("{FAE04EC0-301F-11D3-BF4B-00C04F79EFBC}") = "TEST", "TEST\TEST.csproj", "{5F3C7413-3AA6-4807-A274-45F3F3992EF1}"
EndProject
Global
	GlobalSection(SolutionConfigurationPlatforms) = preSolution
		Debug|Any CPU = Debug|Any CPU
		Release|Any CPU = Release|Any CPU
	EndGlobalSection
	GlobalSection(ProjectConfigurationPlatforms) = postSolution
		{0C4B7221-CBEC-4CCC-8DC5-60DB243520F1}.Debug|Any CPU.ActiveCfg = Debug|Any CPU
		{0C4B7221-CBEC-4CCC-8DC5-60DB243520F1}.Debug|Any CPU.Build.0 = Debug|Any CPU
		{0C4B7221-CBEC-4CCC-8DC5-60DB243520F1}.Release|Any CPU.ActiveCfg = Release|Any CPU
		{0C4B7221-CBEC-4CCC-8DC5-60DB243520F1}.Release|Any CPU.Build.0 = Release|Any CPU
		{23589DEC-FB18-4157-9855-1C1645E82F1F}.Debug|Any CPU.ActiveCfg = Debug|Any CPU
		{23589DEC-FB18-4157-9855-1C1645E82F1F}.Debug|Any CPU.Build.0 = Debug|Any CPU
		{23589DEC-FB18-4157-9855-1C1645E82F1F}.Release|Any CPU.ActiveCfg = Release|Any CPU
		{23589DEC-FB18-4157-9855-1C1645E82F1F}.Release|Any CPU.Build.0 = Release|Any CPU
		{B4C2756C-E90C-47E1-8D2F-0E568741A540}.Debug|Any CPU.ActiveCfg = Debug|Any CPU
		{B4C2756C-E90C-47E1-8D2F-0E568741A540}.Debug|Any CPU.Build.0 = Debug|Any CPU
		{B4C2756C-E90C-47E1-8D2F-0E568741A540}.Release|Any CPU.ActiveCfg = Release|Any CPU
		{B4C2756C-E90C-47E1-8D2F-0E568741A540}.Release|Any CPU.Build.0 = Release|Any CPU
		{5F3C7413-3AA6-4807-A274-45F3F3992EF1}.Debug|Any CPU.ActiveCfg = Debug|Any CPU
		{5F3C7413-3AA6-4807-A274-45F3F3992EF1}.Debug|Any CPU.Build.0 = Debug|Any CPU
		{5F3C7413-3AA6-4807-A274-45F3F3992EF1}.Release|Any CPU.ActiveCfg = Release|Any CPU
		{5F3C7413-3AA6-4807-A274-45F3F3992EF1}.Release|Any CPU.Build.0 = Release|Any CPU
	EndGlobalSection
	GlobalSection(SolutionProperties) = preSolution
		HideSolutionNode = FALSE
	EndGlobalSection
	GlobalSection(ExtensibilityGlobals) = postSolution
		SolutionGuid = {8A17DB05-FA90-4638-BC6C-9E832B0AB1A1}
	EndGlobalSection
EndGlobal
